
Microsoft Visual Studio Solution File, Format Version 12.00
# Visual Studio 15
VisualStudioVersion = 15.0.28307.572
MinimumVisualStudioVersion = 10.0.40219.1
Project("{FAE04EC0-301F-11D3-BF4B-00C04F79EFBC}") = "NLog.Owin.Logging", "NLog.Owin.Logging\NLog.Owin.Logging.csproj", "{23D1A639-99C4-4574-88CB-04E043BE055C}"
EndProject
Project("{2150E333-8FDC-42A3-9474-1A3956D46DE8}") = ".nuget", ".nuget", "{66465FA4-F543-43FA-B4A8-CE3A2572E629}"
	ProjectSection(SolutionItems) = preProject
		.nuget\NuGet.Config = .nuget\NuGet.Config
		.nuget\NuGet.exe = .nuget\NuGet.exe
	EndProjectSection
EndProject
Project("{2150E333-8FDC-42A3-9474-1A3956D46DE8}") = "Solution Items", "Solution Items", "{48DC1DAD-91DB-447B-B7DF-C76BC4CD3937}"
	ProjectSection(SolutionItems) = preProject
		LICENSE = LICENSE
		README.md = README.md
	EndProjectSection
EndProject
Project("{9A19103F-16F7-4668-BE54-9A1E7A4F7556}") = "NLog.Owin.Logging.Tests", "NLog.Owin.Logging.Tests\NLog.Owin.Logging.Tests.csproj", "{4D03A7BF-DE74-47E4-B0D4-BD278696A49A}"
EndProject
Global
	GlobalSection(SolutionConfigurationPlatforms) = preSolution
		Debug|Any CPU = Debug|Any CPU
		Release|Any CPU = Release|Any CPU
	EndGlobalSection
	GlobalSection(ProjectConfigurationPlatforms) = postSolution
		{23D1A639-99C4-4574-88CB-04E043BE055C}.Debug|Any CPU.ActiveCfg = Debug|Any CPU
		{23D1A639-99C4-4574-88CB-04E043BE055C}.Debug|Any CPU.Build.0 = Debug|Any CPU
		{23D1A639-99C4-4574-88CB-04E043BE055C}.Release|Any CPU.ActiveCfg = Debug|Any CPU
		{23D1A639-99C4-4574-88CB-04E043BE055C}.Release|Any CPU.Build.0 = Debug|Any CPU
		{4D03A7BF-DE74-47E4-B0D4-BD278696A49A}.Debug|Any CPU.ActiveCfg = Debug|Any CPU
		{4D03A7BF-DE74-47E4-B0D4-BD278696A49A}.Debug|Any CPU.Build.0 = Debug|Any CPU
		{4D03A7BF-DE74-47E4-B0D4-BD278696A49A}.Release|Any CPU.ActiveCfg = Release|Any CPU
		{4D03A7BF-DE74-47E4-B0D4-BD278696A49A}.Release|Any CPU.Build.0 = Release|Any CPU
	EndGlobalSection
	GlobalSection(SolutionProperties) = preSolution
		HideSolutionNode = FALSE
	EndGlobalSection
	GlobalSection(ExtensibilityGlobals) = postSolution
		SolutionGuid = {23FD6BF1-BA85-45B0-B56D-96F6AE74B021}
	EndGlobalSection
EndGlobal
